{
  "requires": true,
  "lockfileVersion": 1,
  "dependencies": {
    "cssjanus": {
      "version": "2.1.0",
      "resolved": "https://registry.npmjs.org/cssjanus/-/cssjanus-2.1.0.tgz",
      "integrity": "sha512-kAijbny3GmdOi9k+QT6DGIXqFvL96aksNlGr4Rhk9qXDZYWUojU4bRc3IHWxdaLNOqgEZHuXoe5Wl2l7dxLW5g=="
    },
    "stylis": {
      "version": "4.1.3",
      "resolved": "https://registry.npmjs.org/stylis/-/stylis-4.1.3.tgz",
      "integrity": "sha512-GP6WDNWf+o403jrEp9c5jibKavrtLW+/qYGhFxFrG8maXhwTBI7gLLhiBb0o7uFccWN+EOS9aMO6cGHWAO07OA=="
    },
    "stylis-plugin-rtl": {
      "version": "2.1.1",
      "resolved": "https://registry.npmjs.org/stylis-plugin-rtl/-/stylis-plugin-rtl-2.1.1.tgz",
      "integrity": "sha512-q6xIkri6fBufIO/sV55md2CbgS5c6gg9EhSVATtHHCdOnbN/jcI0u3lYhNVeuI65c4lQPo67g8xmq5jrREvzlg==",
      "requires": {
        "cssjanus": "^2.0.1"
      }
    }
  }
}
